// !$*UTF8*$!
{
	archiveVersion = 1;
	classes = {
	};
	objectVersion = 55;
	objects = {

/* Begin PBXBuildFile section */
		2F86790F131E6D1D53AFFCA1 /* Pods_metau_capstone_metau_capstoneUITests.framework in Frameworks */ = {isa = PBXBuildFile; fileRef = E46AD704B113431C11BBAA69 /* Pods_metau_capstone_metau_capstoneUITests.framework */; };
		858CB535286FA73C005805D1 /* AppDelegate.m in Sources */ = {isa = PBXBuildFile; fileRef = 858CB534286FA73C005805D1 /* AppDelegate.m */; };
		858CB538286FA73C005805D1 /* SceneDelegate.m in Sources */ = {isa = PBXBuildFile; fileRef = 858CB537286FA73C005805D1 /* SceneDelegate.m */; };
		858CB53B286FA73C005805D1 /* ViewController.m in Sources */ = {isa = PBXBuildFile; fileRef = 858CB53A286FA73C005805D1 /* ViewController.m */; };
		858CB53E286FA73C005805D1 /* Main.storyboard in Resources */ = {isa = PBXBuildFile; fileRef = 858CB53C286FA73C005805D1 /* Main.storyboard */; };
		858CB540286FA73D005805D1 /* Assets.xcassets in Resources */ = {isa = PBXBuildFile; fileRef = 858CB53F286FA73D005805D1 /* Assets.xcassets */; };
		858CB543286FA73D005805D1 /* LaunchScreen.storyboard in Resources */ = {isa = PBXBuildFile; fileRef = 858CB541286FA73D005805D1 /* LaunchScreen.storyboard */; };
		858CB546286FA73D005805D1 /* main.m in Sources */ = {isa = PBXBuildFile; fileRef = 858CB545286FA73D005805D1 /* main.m */; };
		858CB550286FA73D005805D1 /* metau_capstoneTests.m in Sources */ = {isa = PBXBuildFile; fileRef = 858CB54F286FA73D005805D1 /* metau_capstoneTests.m */; };
		858CB55A286FA73D005805D1 /* metau_capstoneUITests.m in Sources */ = {isa = PBXBuildFile; fileRef = 858CB559286FA73D005805D1 /* metau_capstoneUITests.m */; };
		858CB55C286FA73D005805D1 /* metau_capstoneUITestsLaunchTests.m in Sources */ = {isa = PBXBuildFile; fileRef = 858CB55B286FA73D005805D1 /* metau_capstoneUITestsLaunchTests.m */; };
		858CB5732876295A005805D1 /* LoginViewController.m in Sources */ = {isa = PBXBuildFile; fileRef = 858CB5722876295A005805D1 /* LoginViewController.m */; };
		858CB5762876346C005805D1 /* StudyViewController.m in Sources */ = {isa = PBXBuildFile; fileRef = 858CB5752876346C005805D1 /* StudyViewController.m */; };
		85CC1A8A28765C8100155F8A /* CreateViewController.m in Sources */ = {isa = PBXBuildFile; fileRef = 85CC1A8928765C8100155F8A /* CreateViewController.m */; };
		85CC1A8D28765C9000155F8A /* ScheduleViewController.m in Sources */ = {isa = PBXBuildFile; fileRef = 85CC1A8C28765C9000155F8A /* ScheduleViewController.m */; };
		B9C6EC3708E11D2CCC285BB2 /* Pods_metau_capstoneTests.framework in Frameworks */ = {isa = PBXBuildFile; fileRef = 55ECC3116FC815665EAED3E9 /* Pods_metau_capstoneTests.framework */; };
		BB9A846F40F31B2312705BAE /* Pods_metau_capstone.framework in Frameworks */ = {isa = PBXBuildFile; fileRef = 6C5F3B6EC7BADC8974488D66 /* Pods_metau_capstone.framework */; };
/* End PBXBuildFile section */

/* Begin PBXContainerItemProxy section */
		858CB54C286FA73D005805D1 /* PBXContainerItemProxy */ = {
			isa = PBXContainerItemProxy;
			containerPortal = 858CB528286FA73C005805D1 /* Project object */;
			proxyType = 1;
			remoteGlobalIDString = 858CB52F286FA73C005805D1;
			remoteInfo = "metau-capstone";
		};
		858CB556286FA73D005805D1 /* PBXContainerItemProxy */ = {
			isa = PBXContainerItemProxy;
			containerPortal = 858CB528286FA73C005805D1 /* Project object */;
			proxyType = 1;
			remoteGlobalIDString = 858CB52F286FA73C005805D1;
			remoteInfo = "metau-capstone";
		};
/* End PBXContainerItemProxy section */

/* Begin PBXFileReference section */
		21768F493DE63F692956ADF5 /* Pods-metau-capstone.release.xcconfig */ = {isa = PBXFileReference; includeInIndex = 1; lastKnownFileType = text.xcconfig; name = "Pods-metau-capstone.release.xcconfig"; path = "Target Support Files/Pods-metau-capstone/Pods-metau-capstone.release.xcconfig"; sourceTree = "<group>"; };
		243B31673E0070DBCEB10773 /* Pods-metau-capstoneTests.debug.xcconfig */ = {isa = PBXFileReference; includeInIndex = 1; lastKnownFileType = text.xcconfig; name = "Pods-metau-capstoneTests.debug.xcconfig"; path = "Target Support Files/Pods-metau-capstoneTests/Pods-metau-capstoneTests.debug.xcconfig"; sourceTree = "<group>"; };
		55ECC3116FC815665EAED3E9 /* Pods_metau_capstoneTests.framework */ = {isa = PBXFileReference; explicitFileType = wrapper.framework; includeInIndex = 0; path = Pods_metau_capstoneTests.framework; sourceTree = BUILT_PRODUCTS_DIR; };
		640A2B8FEFF6510CC50ED769 /* Pods-metau-capstone.debug.xcconfig */ = {isa = PBXFileReference; includeInIndex = 1; lastKnownFileType = text.xcconfig; name = "Pods-metau-capstone.debug.xcconfig"; path = "Target Support Files/Pods-metau-capstone/Pods-metau-capstone.debug.xcconfig"; sourceTree = "<group>"; };
		6C5F3B6EC7BADC8974488D66 /* Pods_metau_capstone.framework */ = {isa = PBXFileReference; explicitFileType = wrapper.framework; includeInIndex = 0; path = Pods_metau_capstone.framework; sourceTree = BUILT_PRODUCTS_DIR; };
		719596D47D5CE237532F3045 /* Pods-metau-capstone-metau-capstoneUITests.debug.xcconfig */ = {isa = PBXFileReference; includeInIndex = 1; lastKnownFileType = text.xcconfig; name = "Pods-metau-capstone-metau-capstoneUITests.debug.xcconfig"; path = "Target Support Files/Pods-metau-capstone-metau-capstoneUITests/Pods-metau-capstone-metau-capstoneUITests.debug.xcconfig"; sourceTree = "<group>"; };
		858CB530286FA73C005805D1 /* metau-capstone.app */ = {isa = PBXFileReference; explicitFileType = wrapper.application; includeInIndex = 0; path = "metau-capstone.app"; sourceTree = BUILT_PRODUCTS_DIR; };
		858CB533286FA73C005805D1 /* AppDelegate.h */ = {isa = PBXFileReference; lastKnownFileType = sourcecode.c.h; path = AppDelegate.h; sourceTree = "<group>"; };
		858CB534286FA73C005805D1 /* AppDelegate.m */ = {isa = PBXFileReference; lastKnownFileType = sourcecode.c.objc; path = AppDelegate.m; sourceTree = "<group>"; };
		858CB536286FA73C005805D1 /* SceneDelegate.h */ = {isa = PBXFileReference; lastKnownFileType = sourcecode.c.h; path = SceneDelegate.h; sourceTree = "<group>"; };
		858CB537286FA73C005805D1 /* SceneDelegate.m */ = {isa = PBXFileReference; lastKnownFileType = sourcecode.c.objc; path = SceneDelegate.m; sourceTree = "<group>"; };
		858CB539286FA73C005805D1 /* ViewController.h */ = {isa = PBXFileReference; lastKnownFileType = sourcecode.c.h; path = ViewController.h; sourceTree = "<group>"; };
		858CB53A286FA73C005805D1 /* ViewController.m */ = {isa = PBXFileReference; lastKnownFileType = sourcecode.c.objc; path = ViewController.m; sourceTree = "<group>"; };
		858CB53D286FA73C005805D1 /* Base */ = {isa = PBXFileReference; lastKnownFileType = file.storyboard; name = Base; path = Base.lproj/Main.storyboard; sourceTree = "<group>"; };
		858CB53F286FA73D005805D1 /* Assets.xcassets */ = {isa = PBXFileReference; lastKnownFileType = folder.assetcatalog; path = Assets.xcassets; sourceTree = "<group>"; };
		858CB542286FA73D005805D1 /* Base */ = {isa = PBXFileReference; lastKnownFileType = file.storyboard; name = Base; path = Base.lproj/LaunchScreen.storyboard; sourceTree = "<group>"; };
		858CB544286FA73D005805D1 /* Info.plist */ = {isa = PBXFileReference; lastKnownFileType = text.plist.xml; path = Info.plist; sourceTree = "<group>"; };
		858CB545286FA73D005805D1 /* main.m */ = {isa = PBXFileReference; lastKnownFileType = sourcecode.c.objc; path = main.m; sourceTree = "<group>"; };
		858CB54B286FA73D005805D1 /* metau-capstoneTests.xctest */ = {isa = PBXFileReference; explicitFileType = wrapper.cfbundle; includeInIndex = 0; path = "metau-capstoneTests.xctest"; sourceTree = BUILT_PRODUCTS_DIR; };
		858CB54F286FA73D005805D1 /* metau_capstoneTests.m */ = {isa = PBXFileReference; lastKnownFileType = sourcecode.c.objc; path = metau_capstoneTests.m; sourceTree = "<group>"; };
		858CB555286FA73D005805D1 /* metau-capstoneUITests.xctest */ = {isa = PBXFileReference; explicitFileType = wrapper.cfbundle; includeInIndex = 0; path = "metau-capstoneUITests.xctest"; sourceTree = BUILT_PRODUCTS_DIR; };
		858CB559286FA73D005805D1 /* metau_capstoneUITests.m */ = {isa = PBXFileReference; lastKnownFileType = sourcecode.c.objc; path = metau_capstoneUITests.m; sourceTree = "<group>"; };
		858CB55B286FA73D005805D1 /* metau_capstoneUITestsLaunchTests.m */ = {isa = PBXFileReference; lastKnownFileType = sourcecode.c.objc; path = metau_capstoneUITestsLaunchTests.m; sourceTree = "<group>"; };
		858CB5712876295A005805D1 /* LoginViewController.h */ = {isa = PBXFileReference; lastKnownFileType = sourcecode.c.h; path = LoginViewController.h; sourceTree = "<group>"; };
		858CB5722876295A005805D1 /* LoginViewController.m */ = {isa = PBXFileReference; lastKnownFileType = sourcecode.c.objc; path = LoginViewController.m; sourceTree = "<group>"; };
		858CB5742876346C005805D1 /* StudyViewController.h */ = {isa = PBXFileReference; lastKnownFileType = sourcecode.c.h; path = StudyViewController.h; sourceTree = "<group>"; };
		858CB5752876346C005805D1 /* StudyViewController.m */ = {isa = PBXFileReference; lastKnownFileType = sourcecode.c.objc; path = StudyViewController.m; sourceTree = "<group>"; };
		85CC1A8828765C8100155F8A /* CreateViewController.h */ = {isa = PBXFileReference; lastKnownFileType = sourcecode.c.h; path = CreateViewController.h; sourceTree = "<group>"; };
		85CC1A8928765C8100155F8A /* CreateViewController.m */ = {isa = PBXFileReference; lastKnownFileType = sourcecode.c.objc; path = CreateViewController.m; sourceTree = "<group>"; };
		85CC1A8B28765C9000155F8A /* ScheduleViewController.h */ = {isa = PBXFileReference; lastKnownFileType = sourcecode.c.h; path = ScheduleViewController.h; sourceTree = "<group>"; };
		85CC1A8C28765C9000155F8A /* ScheduleViewController.m */ = {isa = PBXFileReference; lastKnownFileType = sourcecode.c.objc; path = ScheduleViewController.m; sourceTree = "<group>"; };
		AE4BB1276E879114DA1EEBA7 /* Pods-metau-capstone-metau-capstoneUITests.release.xcconfig */ = {isa = PBXFileReference; includeInIndex = 1; lastKnownFileType = text.xcconfig; name = "Pods-metau-capstone-metau-capstoneUITests.release.xcconfig"; path = "Target Support Files/Pods-metau-capstone-metau-capstoneUITests/Pods-metau-capstone-metau-capstoneUITests.release.xcconfig"; sourceTree = "<group>"; };
		E17EBB49E060DF0FF8D2A4BA /* Pods-metau-capstoneTests.release.xcconfig */ = {isa = PBXFileReference; includeInIndex = 1; lastKnownFileType = text.xcconfig; name = "Pods-metau-capstoneTests.release.xcconfig"; path = "Target Support Files/Pods-metau-capstoneTests/Pods-metau-capstoneTests.release.xcconfig"; sourceTree = "<group>"; };
		E46AD704B113431C11BBAA69 /* Pods_metau_capstone_metau_capstoneUITests.framework */ = {isa = PBXFileReference; explicitFileType = wrapper.framework; includeInIndex = 0; path = Pods_metau_capstone_metau_capstoneUITests.framework; sourceTree = BUILT_PRODUCTS_DIR; };
/* End PBXFileReference section */

/* Begin PBXFrameworksBuildPhase section */
		858CB52D286FA73C005805D1 /* Frameworks */ = {
			isa = PBXFrameworksBuildPhase;
			buildActionMask = 2147483647;
			files = (
				BB9A846F40F31B2312705BAE /* Pods_metau_capstone.framework in Frameworks */,
			);
			runOnlyForDeploymentPostprocessing = 0;
		};
		858CB548286FA73D005805D1 /* Frameworks */ = {
			isa = PBXFrameworksBuildPhase;
			buildActionMask = 2147483647;
			files = (
				B9C6EC3708E11D2CCC285BB2 /* Pods_metau_capstoneTests.framework in Frameworks */,
			);
			runOnlyForDeploymentPostprocessing = 0;
		};
		858CB552286FA73D005805D1 /* Frameworks */ = {
			isa = PBXFrameworksBuildPhase;
			buildActionMask = 2147483647;
			files = (
				2F86790F131E6D1D53AFFCA1 /* Pods_metau_capstone_metau_capstoneUITests.framework in Frameworks */,
			);
			runOnlyForDeploymentPostprocessing = 0;
		};
/* End PBXFrameworksBuildPhase section */

/* Begin PBXGroup section */
		858CB527286FA73C005805D1 = {
			isa = PBXGroup;
			children = (
				858CB532286FA73C005805D1 /* metau-capstone */,
				858CB54E286FA73D005805D1 /* metau-capstoneTests */,
				858CB558286FA73D005805D1 /* metau-capstoneUITests */,
				858CB531286FA73C005805D1 /* Products */,
				9B783613FF1717DF9FB32810 /* Pods */,
				D55019519CCD679CC98B36A5 /* Frameworks */,
			);
			sourceTree = "<group>";
		};
		858CB531286FA73C005805D1 /* Products */ = {
			isa = PBXGroup;
			children = (
				858CB530286FA73C005805D1 /* metau-capstone.app */,
				858CB54B286FA73D005805D1 /* metau-capstoneTests.xctest */,
				858CB555286FA73D005805D1 /* metau-capstoneUITests.xctest */,
			);
			name = Products;
			sourceTree = "<group>";
		};
		858CB532286FA73C005805D1 /* metau-capstone */ = {
			isa = PBXGroup;
			children = (
				858CB533286FA73C005805D1 /* AppDelegate.h */,
				858CB534286FA73C005805D1 /* AppDelegate.m */,
				858CB536286FA73C005805D1 /* SceneDelegate.h */,
				858CB537286FA73C005805D1 /* SceneDelegate.m */,
				858CB539286FA73C005805D1 /* ViewController.h */,
				858CB53A286FA73C005805D1 /* ViewController.m */,
				858CB53C286FA73C005805D1 /* Main.storyboard */,
				85CC1A8828765C8100155F8A /* CreateViewController.h */,
				85CC1A8928765C8100155F8A /* CreateViewController.m */,
				85CC1A8B28765C9000155F8A /* ScheduleViewController.h */,
				85CC1A8C28765C9000155F8A /* ScheduleViewController.m */,
				858CB5742876346C005805D1 /* StudyViewController.h */,
				858CB5752876346C005805D1 /* StudyViewController.m */,
				858CB5712876295A005805D1 /* LoginViewController.h */,
				858CB5722876295A005805D1 /* LoginViewController.m */,
				858CB53F286FA73D005805D1 /* Assets.xcassets */,
				858CB541286FA73D005805D1 /* LaunchScreen.storyboard */,
				858CB544286FA73D005805D1 /* Info.plist */,
				858CB545286FA73D005805D1 /* main.m */,
			);
			path = "metau-capstone";
			sourceTree = "<group>";
		};
		858CB54E286FA73D005805D1 /* metau-capstoneTests */ = {
			isa = PBXGroup;
			children = (
				858CB54F286FA73D005805D1 /* metau_capstoneTests.m */,
			);
			path = "metau-capstoneTests";
			sourceTree = "<group>";
		};
		858CB558286FA73D005805D1 /* metau-capstoneUITests */ = {
			isa = PBXGroup;
			children = (
				858CB559286FA73D005805D1 /* metau_capstoneUITests.m */,
				858CB55B286FA73D005805D1 /* metau_capstoneUITestsLaunchTests.m */,
			);
			path = "metau-capstoneUITests";
			sourceTree = "<group>";
		};
		9B783613FF1717DF9FB32810 /* Pods */ = {
			isa = PBXGroup;
			children = (
				640A2B8FEFF6510CC50ED769 /* Pods-metau-capstone.debug.xcconfig */,
				21768F493DE63F692956ADF5 /* Pods-metau-capstone.release.xcconfig */,
				719596D47D5CE237532F3045 /* Pods-metau-capstone-metau-capstoneUITests.debug.xcconfig */,
				AE4BB1276E879114DA1EEBA7 /* Pods-metau-capstone-metau-capstoneUITests.release.xcconfig */,
				243B31673E0070DBCEB10773 /* Pods-metau-capstoneTests.debug.xcconfig */,
				E17EBB49E060DF0FF8D2A4BA /* Pods-metau-capstoneTests.release.xcconfig */,
			);
			path = Pods;
			sourceTree = "<group>";
		};
		D55019519CCD679CC98B36A5 /* Frameworks */ = {
			isa = PBXGroup;
			children = (
				6C5F3B6EC7BADC8974488D66 /* Pods_metau_capstone.framework */,
				E46AD704B113431C11BBAA69 /* Pods_metau_capstone_metau_capstoneUITests.framework */,
				55ECC3116FC815665EAED3E9 /* Pods_metau_capstoneTests.framework */,
			);
			name = Frameworks;
			sourceTree = "<group>";
		};
/* End PBXGroup section */

/* Begin PBXNativeTarget section */
		858CB52F286FA73C005805D1 /* metau-capstone */ = {
			isa = PBXNativeTarget;
			buildConfigurationList = 858CB55F286FA73D005805D1 /* Build configuration list for PBXNativeTarget "metau-capstone" */;
			buildPhases = (
				B83681C4DC86BBA316D04F19 /* [CP] Check Pods Manifest.lock */,
				858CB52C286FA73C005805D1 /* Sources */,
				858CB52D286FA73C005805D1 /* Frameworks */,
				858CB52E286FA73C005805D1 /* Resources */,
				7CD6E98FF27D80FC42F855DF /* [CP] Embed Pods Frameworks */,
			);
			buildRules = (
			);
			dependencies = (
			);
			name = "metau-capstone";
			productName = "metau-capstone";
			productReference = 858CB530286FA73C005805D1 /* metau-capstone.app */;
			productType = "com.apple.product-type.application";
		};
		858CB54A286FA73D005805D1 /* metau-capstoneTests */ = {
			isa = PBXNativeTarget;
			buildConfigurationList = 858CB562286FA73D005805D1 /* Build configuration list for PBXNativeTarget "metau-capstoneTests" */;
			buildPhases = (
				E5D2B2496F381B113937284A /* [CP] Check Pods Manifest.lock */,
				858CB547286FA73D005805D1 /* Sources */,
				858CB548286FA73D005805D1 /* Frameworks */,
				858CB549286FA73D005805D1 /* Resources */,
			);
			buildRules = (
			);
			dependencies = (
				858CB54D286FA73D005805D1 /* PBXTargetDependency */,
			);
			name = "metau-capstoneTests";
			productName = "metau-capstoneTests";
			productReference = 858CB54B286FA73D005805D1 /* metau-capstoneTests.xctest */;
			productType = "com.apple.product-type.bundle.unit-test";
		};
		858CB554286FA73D005805D1 /* metau-capstoneUITests */ = {
			isa = PBXNativeTarget;
			buildConfigurationList = 858CB565286FA73D005805D1 /* Build configuration list for PBXNativeTarget "metau-capstoneUITests" */;
			buildPhases = (
				259D45F1478D633CDCEFC0A8 /* [CP] Check Pods Manifest.lock */,
				858CB551286FA73D005805D1 /* Sources */,
				858CB552286FA73D005805D1 /* Frameworks */,
				858CB553286FA73D005805D1 /* Resources */,
				BF1C0084BD7550B37513643A /* [CP] Embed Pods Frameworks */,
			);
			buildRules = (
			);
			dependencies = (
				858CB557286FA73D005805D1 /* PBXTargetDependency */,
			);
			name = "metau-capstoneUITests";
			productName = "metau-capstoneUITests";
			productReference = 858CB555286FA73D005805D1 /* metau-capstoneUITests.xctest */;
			productType = "com.apple.product-type.bundle.ui-testing";
		};
/* End PBXNativeTarget section */

/* Begin PBXProject section */
		858CB528286FA73C005805D1 /* Project object */ = {
			isa = PBXProject;
			attributes = {
				BuildIndependentTargetsInParallel = 1;
				LastUpgradeCheck = 1340;
				TargetAttributes = {
					858CB52F286FA73C005805D1 = {
						CreatedOnToolsVersion = 13.4;
					};
					858CB54A286FA73D005805D1 = {
						CreatedOnToolsVersion = 13.4;
						TestTargetID = 858CB52F286FA73C005805D1;
					};
					858CB554286FA73D005805D1 = {
						CreatedOnToolsVersion = 13.4;
						TestTargetID = 858CB52F286FA73C005805D1;
					};
				};
			};
			buildConfigurationList = 858CB52B286FA73C005805D1 /* Build configuration list for PBXProject "metau-capstone" */;
			compatibilityVersion = "Xcode 13.0";
			developmentRegion = en;
			hasScannedForEncodings = 0;
			knownRegions = (
				en,
				Base,
			);
			mainGroup = 858CB527286FA73C005805D1;
			productRefGroup = 858CB531286FA73C005805D1 /* Products */;
			projectDirPath = "";
			projectRoot = "";
			targets = (
				858CB52F286FA73C005805D1 /* metau-capstone */,
				858CB54A286FA73D005805D1 /* metau-capstoneTests */,
				858CB554286FA73D005805D1 /* metau-capstoneUITests */,
			);
		};
/* End PBXProject section */

/* Begin PBXResourcesBuildPhase section */
		858CB52E286FA73C005805D1 /* Resources */ = {
			isa = PBXResourcesBuildPhase;
			buildActionMask = 2147483647;
			files = (
				858CB543286FA73D005805D1 /* LaunchScreen.storyboard in Resources */,
				858CB540286FA73D005805D1 /* Assets.xcassets in Resources */,
				858CB53E286FA73C005805D1 /* Main.storyboard in Resources */,
			);
			runOnlyForDeploymentPostprocessing = 0;
		};
		858CB549286FA73D005805D1 /* Resources */ = {
			isa = PBXResourcesBuildPhase;
			buildActionMask = 2147483647;
			files = (
			);
			runOnlyForDeploymentPostprocessing = 0;
		};
		858CB553286FA73D005805D1 /* Resources */ = {
			isa = PBXResourcesBuildPhase;
			buildActionMask = 2147483647;
			files = (
			);
			runOnlyForDeploymentPostprocessing = 0;
		};
/* End PBXResourcesBuildPhase section */

/* Begin PBXShellScriptBuildPhase section */
		259D45F1478D633CDCEFC0A8 /* [CP] Check Pods Manifest.lock */ = {
			isa = PBXShellScriptBuildPhase;
			buildActionMask = 2147483647;
			files = (
			);
			inputFileListPaths = (
			);
			inputPaths = (
				"${PODS_PODFILE_DIR_PATH}/Podfile.lock",
				"${PODS_ROOT}/Manifest.lock",
			);
			name = "[CP] Check Pods Manifest.lock";
			outputFileListPaths = (
			);
			outputPaths = (
				"$(DERIVED_FILE_DIR)/Pods-metau-capstone-metau-capstoneUITests-checkManifestLockResult.txt",
			);
			runOnlyForDeploymentPostprocessing = 0;
			shellPath = /bin/sh;
			shellScript = "diff \"${PODS_PODFILE_DIR_PATH}/Podfile.lock\" \"${PODS_ROOT}/Manifest.lock\" > /dev/null\nif [ $? != 0 ] ; then\n    # print error to STDERR\n    echo \"error: The sandbox is not in sync with the Podfile.lock. Run 'pod install' or update your CocoaPods installation.\" >&2\n    exit 1\nfi\n# This output is used by Xcode 'outputs' to avoid re-running this script phase.\necho \"SUCCESS\" > \"${SCRIPT_OUTPUT_FILE_0}\"\n";
			showEnvVarsInLog = 0;
		};
		7CD6E98FF27D80FC42F855DF /* [CP] Embed Pods Frameworks */ = {
			isa = PBXShellScriptBuildPhase;
			buildActionMask = 2147483647;
			files = (
			);
			inputFileListPaths = (
				"${PODS_ROOT}/Target Support Files/Pods-metau-capstone/Pods-metau-capstone-frameworks-${CONFIGURATION}-input-files.xcfilelist",
			);
			name = "[CP] Embed Pods Frameworks";
			outputFileListPaths = (
				"${PODS_ROOT}/Target Support Files/Pods-metau-capstone/Pods-metau-capstone-frameworks-${CONFIGURATION}-output-files.xcfilelist",
			);
			runOnlyForDeploymentPostprocessing = 0;
			shellPath = /bin/sh;
			shellScript = "\"${PODS_ROOT}/Target Support Files/Pods-metau-capstone/Pods-metau-capstone-frameworks.sh\"\n";
			showEnvVarsInLog = 0;
		};
		B83681C4DC86BBA316D04F19 /* [CP] Check Pods Manifest.lock */ = {
			isa = PBXShellScriptBuildPhase;
			buildActionMask = 2147483647;
			files = (
			);
			inputFileListPaths = (
			);
			inputPaths = (
				"${PODS_PODFILE_DIR_PATH}/Podfile.lock",
				"${PODS_ROOT}/Manifest.lock",
			);
			name = "[CP] Check Pods Manifest.lock";
			outputFileListPaths = (
			);
			outputPaths = (
				"$(DERIVED_FILE_DIR)/Pods-metau-capstone-checkManifestLockResult.txt",
			);
			runOnlyForDeploymentPostprocessing = 0;
			shellPath = /bin/sh;
			shellScript = "diff \"${PODS_PODFILE_DIR_PATH}/Podfile.lock\" \"${PODS_ROOT}/Manifest.lock\" > /dev/null\nif [ $? != 0 ] ; then\n    # print error to STDERR\n    echo \"error: The sandbox is not in sync with the Podfile.lock. Run 'pod install' or update your CocoaPods installation.\" >&2\n    exit 1\nfi\n# This output is used by Xcode 'outputs' to avoid re-running this script phase.\necho \"SUCCESS\" > \"${SCRIPT_OUTPUT_FILE_0}\"\n";
			showEnvVarsInLog = 0;
		};
		BF1C0084BD7550B37513643A /* [CP] Embed Pods Frameworks */ = {
			isa = PBXShellScriptBuildPhase;
			buildActionMask = 2147483647;
			files = (
			);
			inputFileListPaths = (
				"${PODS_ROOT}/Target Support Files/Pods-metau-capstone-metau-capstoneUITests/Pods-metau-capstone-metau-capstoneUITests-frameworks-${CONFIGURATION}-input-files.xcfilelist",
			);
			name = "[CP] Embed Pods Frameworks";
			outputFileListPaths = (
				"${PODS_ROOT}/Target Support Files/Pods-metau-capstone-metau-capstoneUITests/Pods-metau-capstone-metau-capstoneUITests-frameworks-${CONFIGURATION}-output-files.xcfilelist",
			);
			runOnlyForDeploymentPostprocessing = 0;
			shellPath = /bin/sh;
			shellScript = "\"${PODS_ROOT}/Target Support Files/Pods-metau-capstone-metau-capstoneUITests/Pods-metau-capstone-metau-capstoneUITests-frameworks.sh\"\n";
			showEnvVarsInLog = 0;
		};
		E5D2B2496F381B113937284A /* [CP] Check Pods Manifest.lock */ = {
			isa = PBXShellScriptBuildPhase;
			buildActionMask = 2147483647;
			files = (
			);
			inputFileListPaths = (
			);
			inputPaths = (
				"${PODS_PODFILE_DIR_PATH}/Podfile.lock",
				"${PODS_ROOT}/Manifest.lock",
			);
			name = "[CP] Check Pods Manifest.lock";
			outputFileListPaths = (
			);
			outputPaths = (
				"$(DERIVED_FILE_DIR)/Pods-metau-capstoneTests-checkManifestLockResult.txt",
			);
			runOnlyForDeploymentPostprocessing = 0;
			shellPath = /bin/sh;
			shellScript = "diff \"${PODS_PODFILE_DIR_PATH}/Podfile.lock\" \"${PODS_ROOT}/Manifest.lock\" > /dev/null\nif [ $? != 0 ] ; then\n    # print error to STDERR\n    echo \"error: The sandbox is not in sync with the Podfile.lock. Run 'pod install' or update your CocoaPods installation.\" >&2\n    exit 1\nfi\n# This output is used by Xcode 'outputs' to avoid re-running this script phase.\necho \"SUCCESS\" > \"${SCRIPT_OUTPUT_FILE_0}\"\n";
			showEnvVarsInLog = 0;
		};
/* End PBXShellScriptBuildPhase section */

/* Begin PBXSourcesBuildPhase section */
		858CB52C286FA73C005805D1 /* Sources */ = {
			isa = PBXSourcesBuildPhase;
			buildActionMask = 2147483647;
			files = (
				858CB53B286FA73C005805D1 /* ViewController.m in Sources */,
				858CB535286FA73C005805D1 /* AppDelegate.m in Sources */,
				858CB5762876346C005805D1 /* StudyViewController.m in Sources */,
				85CC1A8A28765C8100155F8A /* CreateViewController.m in Sources */,
				858CB546286FA73D005805D1 /* main.m in Sources */,
				858CB538286FA73C005805D1 /* SceneDelegate.m in Sources */,
				858CB5732876295A005805D1 /* LoginViewController.m in Sources */,
				85CC1A8D28765C9000155F8A /* ScheduleViewController.m in Sources */,
			);
			runOnlyForDeploymentPostprocessing = 0;
		};
		858CB547286FA73D005805D1 /* Sources */ = {
			isa = PBXSourcesBuildPhase;
			buildActionMask = 2147483647;
			files = (
				858CB550286FA73D005805D1 /* metau_capstoneTests.m in Sources */,
			);
			runOnlyForDeploymentPostprocessing = 0;
		};
		858CB551286FA73D005805D1 /* Sources */ = {
			isa = PBXSourcesBuildPhase;
			buildActionMask = 2147483647;
			files = (
				858CB55C286FA73D005805D1 /* metau_capstoneUITestsLaunchTests.m in Sources */,
				858CB55A286FA73D005805D1 /* metau_capstoneUITests.m in Sources */,
			);
			runOnlyForDeploymentPostprocessing = 0;
		};
/* End PBXSourcesBuildPhase section */

/* Begin PBXTargetDependency section */
		858CB54D286FA73D005805D1 /* PBXTargetDependency */ = {
			isa = PBXTargetDependency;
			target = 858CB52F286FA73C005805D1 /* metau-capstone */;
			targetProxy = 858CB54C286FA73D005805D1 /* PBXContainerItemProxy */;
		};
		858CB557286FA73D005805D1 /* PBXTargetDependency */ = {
			isa = PBXTargetDependency;
			target = 858CB52F286FA73C005805D1 /* metau-capstone */;
			targetProxy = 858CB556286FA73D005805D1 /* PBXContainerItemProxy */;
		};
/* End PBXTargetDependency section */

/* Begin PBXVariantGroup section */
		858CB53C286FA73C005805D1 /* Main.storyboard */ = {
			isa = PBXVariantGroup;
			children = (
				858CB53D286FA73C005805D1 /* Base */,
			);
			name = Main.storyboard;
			sourceTree = "<group>";
		};
		858CB541286FA73D005805D1 /* LaunchScreen.storyboard */ = {
			isa = PBXVariantGroup;
			children = (
				858CB542286FA73D005805D1 /* Base */,
			);
			name = LaunchScreen.storyboard;
			sourceTree = "<group>";
		};
/* End PBXVariantGroup section */

/* Begin XCBuildConfiguration section */
		858CB55D286FA73D005805D1 /* Debug */ = {
			isa = XCBuildConfiguration;
			buildSettings = {
				ALWAYS_SEARCH_USER_PATHS = NO;
				CLANG_ANALYZER_NONNULL = YES;
				CLANG_ANALYZER_NUMBER_OBJECT_CONVERSION = YES_AGGRESSIVE;
				CLANG_CXX_LANGUAGE_STANDARD = "gnu++17";
				CLANG_ENABLE_MODULES = YES;
				CLANG_ENABLE_OBJC_ARC = YES;
				CLANG_ENABLE_OBJC_WEAK = YES;
				CLANG_WARN_BLOCK_CAPTURE_AUTORELEASING = YES;
				CLANG_WARN_BOOL_CONVERSION = YES;
				CLANG_WARN_COMMA = YES;
				CLANG_WARN_CONSTANT_CONVERSION = YES;
				CLANG_WARN_DEPRECATED_OBJC_IMPLEMENTATIONS = YES;
				CLANG_WARN_DIRECT_OBJC_ISA_USAGE = YES_ERROR;
				CLANG_WARN_DOCUMENTATION_COMMENTS = YES;
				CLANG_WARN_EMPTY_BODY = YES;
				CLANG_WARN_ENUM_CONVERSION = YES;
				CLANG_WARN_INFINITE_RECURSION = YES;
				CLANG_WARN_INT_CONVERSION = YES;
				CLANG_WARN_NON_LITERAL_NULL_CONVERSION = YES;
				CLANG_WARN_OBJC_IMPLICIT_RETAIN_SELF = YES;
				CLANG_WARN_OBJC_LITERAL_CONVERSION = YES;
				CLANG_WARN_OBJC_ROOT_CLASS = YES_ERROR;
				CLANG_WARN_QUOTED_INCLUDE_IN_FRAMEWORK_HEADER = YES;
				CLANG_WARN_RANGE_LOOP_ANALYSIS = YES;
				CLANG_WARN_STRICT_PROTOTYPES = YES;
				CLANG_WARN_SUSPICIOUS_MOVE = YES;
				CLANG_WARN_UNGUARDED_AVAILABILITY = YES_AGGRESSIVE;
				CLANG_WARN_UNREACHABLE_CODE = YES;
				CLANG_WARN__DUPLICATE_METHOD_MATCH = YES;
				COPY_PHASE_STRIP = NO;
				DEBUG_INFORMATION_FORMAT = dwarf;
				ENABLE_STRICT_OBJC_MSGSEND = YES;
				ENABLE_TESTABILITY = YES;
				GCC_C_LANGUAGE_STANDARD = gnu11;
				GCC_DYNAMIC_NO_PIC = NO;
				GCC_NO_COMMON_BLOCKS = YES;
				GCC_OPTIMIZATION_LEVEL = 0;
				GCC_PREPROCESSOR_DEFINITIONS = (
					"DEBUG=1",
					"$(inherited)",
				);
				GCC_WARN_64_TO_32_BIT_CONVERSION = YES;
				GCC_WARN_ABOUT_RETURN_TYPE = YES_ERROR;
				GCC_WARN_UNDECLARED_SELECTOR = YES;
				GCC_WARN_UNINITIALIZED_AUTOS = YES_AGGRESSIVE;
				GCC_WARN_UNUSED_FUNCTION = YES;
				GCC_WARN_UNUSED_VARIABLE = YES;
				IPHONEOS_DEPLOYMENT_TARGET = 15.5;
				MTL_ENABLE_DEBUG_INFO = INCLUDE_SOURCE;
				MTL_FAST_MATH = YES;
				ONLY_ACTIVE_ARCH = YES;
				SDKROOT = iphoneos;
			};
			name = Debug;
		};
		858CB55E286FA73D005805D1 /* Release */ = {
			isa = XCBuildConfiguration;
			buildSettings = {
				ALWAYS_SEARCH_USER_PATHS = NO;
				CLANG_ANALYZER_NONNULL = YES;
				CLANG_ANALYZER_NUMBER_OBJECT_CONVERSION = YES_AGGRESSIVE;
				CLANG_CXX_LANGUAGE_STANDARD = "gnu++17";
				CLANG_ENABLE_MODULES = YES;
				CLANG_ENABLE_OBJC_ARC = YES;
				CLANG_ENABLE_OBJC_WEAK = YES;
				CLANG_WARN_BLOCK_CAPTURE_AUTORELEASING = YES;
				CLANG_WARN_BOOL_CONVERSION = YES;
				CLANG_WARN_COMMA = YES;
				CLANG_WARN_CONSTANT_CONVERSION = YES;
				CLANG_WARN_DEPRECATED_OBJC_IMPLEMENTATIONS = YES;
				CLANG_WARN_DIRECT_OBJC_ISA_USAGE = YES_ERROR;
				CLANG_WARN_DOCUMENTATION_COMMENTS = YES;
				CLANG_WARN_EMPTY_BODY = YES;
				CLANG_WARN_ENUM_CONVERSION = YES;
				CLANG_WARN_INFINITE_RECURSION = YES;
				CLANG_WARN_INT_CONVERSION = YES;
				CLANG_WARN_NON_LITERAL_NULL_CONVERSION = YES;
				CLANG_WARN_OBJC_IMPLICIT_RETAIN_SELF = YES;
				CLANG_WARN_OBJC_LITERAL_CONVERSION = YES;
				CLANG_WARN_OBJC_ROOT_CLASS = YES_ERROR;
				CLANG_WARN_QUOTED_INCLUDE_IN_FRAMEWORK_HEADER = YES;
				CLANG_WARN_RANGE_LOOP_ANALYSIS = YES;
				CLANG_WARN_STRICT_PROTOTYPES = YES;
				CLANG_WARN_SUSPICIOUS_MOVE = YES;
				CLANG_WARN_UNGUARDED_AVAILABILITY = YES_AGGRESSIVE;
				CLANG_WARN_UNREACHABLE_CODE = YES;
				CLANG_WARN__DUPLICATE_METHOD_MATCH = YES;
				COPY_PHASE_STRIP = NO;
				DEBUG_INFORMATION_FORMAT = "dwarf-with-dsym";
				ENABLE_NS_ASSERTIONS = NO;
				ENABLE_STRICT_OBJC_MSGSEND = YES;
				GCC_C_LANGUAGE_STANDARD = gnu11;
				GCC_NO_COMMON_BLOCKS = YES;
				GCC_WARN_64_TO_32_BIT_CONVERSION = YES;
				GCC_WARN_ABOUT_RETURN_TYPE = YES_ERROR;
				GCC_WARN_UNDECLARED_SELECTOR = YES;
				GCC_WARN_UNINITIALIZED_AUTOS = YES_AGGRESSIVE;
				GCC_WARN_UNUSED_FUNCTION = YES;
				GCC_WARN_UNUSED_VARIABLE = YES;
				IPHONEOS_DEPLOYMENT_TARGET = 15.5;
				MTL_ENABLE_DEBUG_INFO = NO;
				MTL_FAST_MATH = YES;
				SDKROOT = iphoneos;
				VALIDATE_PRODUCT = YES;
			};
			name = Release;
		};
		858CB560286FA73D005805D1 /* Debug */ = {
			isa = XCBuildConfiguration;
			baseConfigurationReference = 640A2B8FEFF6510CC50ED769 /* Pods-metau-capstone.debug.xcconfig */;
			buildSettings = {
				ASSETCATALOG_COMPILER_APPICON_NAME = AppIcon;
				ASSETCATALOG_COMPILER_GLOBAL_ACCENT_COLOR_NAME = AccentColor;
				CODE_SIGN_STYLE = Automatic;
				CURRENT_PROJECT_VERSION = 1;
				GENERATE_INFOPLIST_FILE = YES;
				INFOPLIST_FILE = "metau-capstone/Info.plist";
				INFOPLIST_KEY_UIApplicationSupportsIndirectInputEvents = YES;
				INFOPLIST_KEY_UILaunchStoryboardName = LaunchScreen;
				INFOPLIST_KEY_UIMainStoryboardFile = Main;
				INFOPLIST_KEY_UISupportedInterfaceOrientations_iPad = "UIInterfaceOrientationPortrait UIInterfaceOrientationPortraitUpsideDown UIInterfaceOrientationLandscapeLeft UIInterfaceOrientationLandscapeRight";
				INFOPLIST_KEY_UISupportedInterfaceOrientations_iPhone = "UIInterfaceOrientationPortrait UIInterfaceOrientationLandscapeLeft UIInterfaceOrientationLandscapeRight";
				LD_RUNPATH_SEARCH_PATHS = (
					"$(inherited)",
					"@executable_path/Frameworks",
				);
				MARKETING_VERSION = 1.0;
				PRODUCT_BUNDLE_IDENTIFIER = "com.shirleyzhu.metau-capstone";
				PRODUCT_NAME = "$(TARGET_NAME)";
				SWIFT_EMIT_LOC_STRINGS = YES;
				TARGETED_DEVICE_FAMILY = "1,2";
			};
			name = Debug;
		};
		858CB561286FA73D005805D1 /* Release */ = {
			isa = XCBuildConfiguration;
			baseConfigurationReference = 21768F493DE63F692956ADF5 /* Pods-metau-capstone.release.xcconfig */;
			buildSettings = {
				ASSETCATALOG_COMPILER_APPICON_NAME = AppIcon;
				ASSETCATALOG_COMPILER_GLOBAL_ACCENT_COLOR_NAME = AccentColor;
				CODE_SIGN_STYLE = Automatic;
				CURRENT_PROJECT_VERSION = 1;
				GENERATE_INFOPLIST_FILE = YES;
				INFOPLIST_FILE = "metau-capstone/Info.plist";
				INFOPLIST_KEY_UIApplicationSupportsIndirectInputEvents = YES;
				INFOPLIST_KEY_UILaunchStoryboardName = LaunchScreen;
				INFOPLIST_KEY_UIMainStoryboardFile = Main;
				INFOPLIST_KEY_UISupportedInterfaceOrientations_iPad = "UIInterfaceOrientationPortrait UIInterfaceOrientationPortraitUpsideDown UIInterfaceOrientationLandscapeLeft UIInterfaceOrientationLandscapeRight";
				INFOPLIST_KEY_UISupportedInterfaceOrientations_iPhone = "UIInterfaceOrientationPortrait UIInterfaceOrientationLandscapeLeft UIInterfaceOrientationLandscapeRight";
				LD_RUNPATH_SEARCH_PATHS = (
					"$(inherited)",
					"@executable_path/Frameworks",
				);
				MARKETING_VERSION = 1.0;
				PRODUCT_BUNDLE_IDENTIFIER = "com.shirleyzhu.metau-capstone";
				PRODUCT_NAME = "$(TARGET_NAME)";
				SWIFT_EMIT_LOC_STRINGS = YES;
				TARGETED_DEVICE_FAMILY = "1,2";
			};
			name = Release;
		};
		858CB563286FA73D005805D1 /* Debug */ = {
			isa = XCBuildConfiguration;
			baseConfigurationReference = 243B31673E0070DBCEB10773 /* Pods-metau-capstoneTests.debug.xcconfig */;
			buildSettings = {
				BUNDLE_LOADER = "$(TEST_HOST)";
				CODE_SIGN_STYLE = Automatic;
				CURRENT_PROJECT_VERSION = 1;
				GENERATE_INFOPLIST_FILE = YES;
				IPHONEOS_DEPLOYMENT_TARGET = 15.5;
				MARKETING_VERSION = 1.0;
				PRODUCT_BUNDLE_IDENTIFIER = "com.shirleyzhu.metau-capstoneTests";
				PRODUCT_NAME = "$(TARGET_NAME)";
				SWIFT_EMIT_LOC_STRINGS = NO;
				TARGETED_DEVICE_FAMILY = "1,2";
				TEST_HOST = "$(BUILT_PRODUCTS_DIR)/metau-capstone.app/metau-capstone";
			};
			name = Debug;
		};
		858CB564286FA73D005805D1 /* Release */ = {
			isa = XCBuildConfiguration;
			baseConfigurationReference = E17EBB49E060DF0FF8D2A4BA /* Pods-metau-capstoneTests.release.xcconfig */;
			buildSettings = {
				BUNDLE_LOADER = "$(TEST_HOST)";
				CODE_SIGN_STYLE = Automatic;
				CURRENT_PROJECT_VERSION = 1;
				GENERATE_INFOPLIST_FILE = YES;
				IPHONEOS_DEPLOYMENT_TARGET = 15.5;
				MARKETING_VERSION = 1.0;
				PRODUCT_BUNDLE_IDENTIFIER = "com.shirleyzhu.metau-capstoneTests";
				PRODUCT_NAME = "$(TARGET_NAME)";
				SWIFT_EMIT_LOC_STRINGS = NO;
				TARGETED_DEVICE_FAMILY = "1,2";
				TEST_HOST = "$(BUILT_PRODUCTS_DIR)/metau-capstone.app/metau-capstone";
			};
			name = Release;
		};
		858CB566286FA73D005805D1 /* Debug */ = {
			isa = XCBuildConfiguration;
			baseConfigurationReference = 719596D47D5CE237532F3045 /* Pods-metau-capstone-metau-capstoneUITests.debug.xcconfig */;
			buildSettings = {
				CODE_SIGN_STYLE = Automatic;
				CURRENT_PROJECT_VERSION = 1;
				GENERATE_INFOPLIST_FILE = YES;
				MARKETING_VERSION = 1.0;
				PRODUCT_BUNDLE_IDENTIFIER = "com.shirleyzhu.metau-capstoneUITests";
				PRODUCT_NAME = "$(TARGET_NAME)";
				SWIFT_EMIT_LOC_STRINGS = NO;
				TARGETED_DEVICE_FAMILY = "1,2";
				TEST_TARGET_NAME = "metau-capstone";
			};
			name = Debug;
		};
		858CB567286FA73D005805D1 /* Release */ = {
			isa = XCBuildConfiguration;
			baseConfigurationReference = AE4BB1276E879114DA1EEBA7 /* Pods-metau-capstone-metau-capstoneUITests.release.xcconfig */;
			buildSettings = {
				CODE_SIGN_STYLE = Automatic;
				CURRENT_PROJECT_VERSION = 1;
				GENERATE_INFOPLIST_FILE = YES;
				MARKETING_VERSION = 1.0;
				PRODUCT_BUNDLE_IDENTIFIER = "com.shirleyzhu.metau-capstoneUITests";
				PRODUCT_NAME = "$(TARGET_NAME)";
				SWIFT_EMIT_LOC_STRINGS = NO;
				TARGETED_DEVICE_FAMILY = "1,2";
				TEST_TARGET_NAME = "metau-capstone";
			};
			name = Release;
		};
/* End XCBuildConfiguration section */

/* Begin XCConfigurationList section */
		858CB52B286FA73C005805D1 /* Build configuration list for PBXProject "metau-capstone" */ = {
			isa = XCConfigurationList;
			buildConfigurations = (
				858CB55D286FA73D005805D1 /* Debug */,
				858CB55E286FA73D005805D1 /* Release */,
			);
			defaultConfigurationIsVisible = 0;
			defaultConfigurationName = Release;
		};
		858CB55F286FA73D005805D1 /* Build configuration list for PBXNativeTarget "metau-capstone" */ = {
			isa = XCConfigurationList;
			buildConfigurations = (
				858CB560286FA73D005805D1 /* Debug */,
				858CB561286FA73D005805D1 /* Release */,
			);
			defaultConfigurationIsVisible = 0;
			defaultConfigurationName = Release;
		};
		858CB562286FA73D005805D1 /* Build configuration list for PBXNativeTarget "metau-capstoneTests" */ = {
			isa = XCConfigurationList;
			buildConfigurations = (
				858CB563286FA73D005805D1 /* Debug */,
				858CB564286FA73D005805D1 /* Release */,
			);
			defaultConfigurationIsVisible = 0;
			defaultConfigurationName = Release;
		};
		858CB565286FA73D005805D1 /* Build configuration list for PBXNativeTarget "metau-capstoneUITests" */ = {
			isa = XCConfigurationList;
			buildConfigurations = (
				858CB566286FA73D005805D1 /* Debug */,
				858CB567286FA73D005805D1 /* Release */,
			);
			defaultConfigurationIsVisible = 0;
			defaultConfigurationName = Release;
		};
/* End XCConfigurationList section */
	};
	rootObject = 858CB528286FA73C005805D1 /* Project object */;
}
